[root]
name = "rustdelay"
version = "0.0.1"
dependencies = [
 "ladspa 0.1.0",
]

[[package]]
name = "bitflags"
version = "0.1.0"
source = "registry+https://github.com/rust-lang/crates.io-index"

[[package]]
name = "ladspa"
version = "0.1.0"
dependencies = [
 "bitflags 0.1.0 (registry+https://github.com/rust-lang/crates.io-index)",
]

